
Microsoft Visual Studio Solution File, Format Version 12.00
# Visual Studio Version 17
VisualStudioVersion = 17.5.33516.290
MinimumVisualStudioVersion = 10.0.40219.1
Project("{9A19103F-16F7-4668-BE54-9A1E7A4F7556}") = "MediadorFacil.Domain", "MediadorFacil.Domain\MediadorFacil.Domain.csproj", "{546EDED7-DDAF-455D-857D-F5308D15D89E}"
EndProject
Project("{9A19103F-16F7-4668-BE54-9A1E7A4F7556}") = "MediadorFacil.Infrastructure", "MediadorFacil.Infrastructure\MediadorFacil.Infrastructure.csproj", "{275D1875-4CA5-4616-BB4F-4FBB64A7C4FD}"
EndProject
Project("{9A19103F-16F7-4668-BE54-9A1E7A4F7556}") = "MediadorFacil.Api", "MediadorFacil.Api\MediadorFacil.Api.csproj", "{3718E71A-3DFB-4F2C-A2B1-C8D3FDBA0A79}"
EndProject
Project("{9A19103F-16F7-4668-BE54-9A1E7A4F7556}") = "MediadorFacil.Application", "MediadorFacil.Application\MediadorFacil.Application.csproj", "{A2C1C921-7F5C-40A3-AE54-786FF1B23899}"
EndProject
Project("{9A19103F-16F7-4668-BE54-9A1E7A4F7556}") = "MigrationMediador", "MigrationMediador\MigrationMediador\MigrationMediador.csproj", "{C1898ADB-859C-42E6-B3A0-D4372CACF215}"
EndProject
Global
	GlobalSection(SolutionConfigurationPlatforms) = preSolution
		Debug|Any CPU = Debug|Any CPU
		Release|Any CPU = Release|Any CPU
	EndGlobalSection
	GlobalSection(ProjectConfigurationPlatforms) = postSolution
		{546EDED7-DDAF-455D-857D-F5308D15D89E}.Debug|Any CPU.ActiveCfg = Debug|Any CPU
		{546EDED7-DDAF-455D-857D-F5308D15D89E}.Debug|Any CPU.Build.0 = Debug|Any CPU
		{546EDED7-DDAF-455D-857D-F5308D15D89E}.Release|Any CPU.ActiveCfg = Release|Any CPU
		{546EDED7-DDAF-455D-857D-F5308D15D89E}.Release|Any CPU.Build.0 = Release|Any CPU
		{275D1875-4CA5-4616-BB4F-4FBB64A7C4FD}.Debug|Any CPU.ActiveCfg = Debug|Any CPU
		{275D1875-4CA5-4616-BB4F-4FBB64A7C4FD}.Debug|Any CPU.Build.0 = Debug|Any CPU
		{275D1875-4CA5-4616-BB4F-4FBB64A7C4FD}.Release|Any CPU.ActiveCfg = Release|Any CPU
		{275D1875-4CA5-4616-BB4F-4FBB64A7C4FD}.Release|Any CPU.Build.0 = Release|Any CPU
		{3718E71A-3DFB-4F2C-A2B1-C8D3FDBA0A79}.Debug|Any CPU.ActiveCfg = Debug|Any CPU
		{3718E71A-3DFB-4F2C-A2B1-C8D3FDBA0A79}.Debug|Any CPU.Build.0 = Debug|Any CPU
		{3718E71A-3DFB-4F2C-A2B1-C8D3FDBA0A79}.Release|Any CPU.ActiveCfg = Release|Any CPU
		{3718E71A-3DFB-4F2C-A2B1-C8D3FDBA0A79}.Release|Any CPU.Build.0 = Release|Any CPU
		{A2C1C921-7F5C-40A3-AE54-786FF1B23899}.Debug|Any CPU.ActiveCfg = Debug|Any CPU
		{A2C1C921-7F5C-40A3-AE54-786FF1B23899}.Debug|Any CPU.Build.0 = Debug|Any CPU
		{A2C1C921-7F5C-40A3-AE54-786FF1B23899}.Release|Any CPU.ActiveCfg = Release|Any CPU
		{A2C1C921-7F5C-40A3-AE54-786FF1B23899}.Release|Any CPU.Build.0 = Release|Any CPU
		{C1898ADB-859C-42E6-B3A0-D4372CACF215}.Debug|Any CPU.ActiveCfg = Debug|Any CPU
		{C1898ADB-859C-42E6-B3A0-D4372CACF215}.Debug|Any CPU.Build.0 = Debug|Any CPU
		{C1898ADB-859C-42E6-B3A0-D4372CACF215}.Release|Any CPU.ActiveCfg = Release|Any CPU
		{C1898ADB-859C-42E6-B3A0-D4372CACF215}.Release|Any CPU.Build.0 = Release|Any CPU
	EndGlobalSection
	GlobalSection(SolutionProperties) = preSolution
		HideSolutionNode = FALSE
	EndGlobalSection
	GlobalSection(ExtensibilityGlobals) = postSolution
		SolutionGuid = {7BF3F8EC-87C7-43F0-8E29-F2D6E55A9853}
	EndGlobalSection
EndGlobal
