
Microsoft Visual Studio Solution File, Format Version 12.00
# Visual Studio Version 16
VisualStudioVersion = 16.0.32929.386
MinimumVisualStudioVersion = 10.0.40219.1
Project("{FAE04EC0-301F-11D3-BF4B-00C04F79EFBC}") = "MigrationMediador", "MigrationMediador\MigrationMediador.csproj", "{F8FED0AA-2B3E-4F9A-A5E3-DBBBB0321AA0}"
EndProject
Global
	GlobalSection(SolutionConfigurationPlatforms) = preSolution
		Debug|Any CPU = Debug|Any CPU
		Release|Any CPU = Release|Any CPU
	EndGlobalSection
	GlobalSection(ProjectConfigurationPlatforms) = postSolution
		{F8FED0AA-2B3E-4F9A-A5E3-DBBBB0321AA0}.Debug|Any CPU.ActiveCfg = Debug|Any CPU
		{F8FED0AA-2B3E-4F9A-A5E3-DBBBB0321AA0}.Debug|Any CPU.Build.0 = Debug|Any CPU
		{F8FED0AA-2B3E-4F9A-A5E3-DBBBB0321AA0}.Release|Any CPU.ActiveCfg = Release|Any CPU
		{F8FED0AA-2B3E-4F9A-A5E3-DBBBB0321AA0}.Release|Any CPU.Build.0 = Release|Any CPU
	EndGlobalSection
	GlobalSection(SolutionProperties) = preSolution
		HideSolutionNode = FALSE
	EndGlobalSection
	GlobalSection(ExtensibilityGlobals) = postSolution
		SolutionGuid = {32B7DA75-778D-46F1-B634-A69611E20D2F}
	EndGlobalSection
EndGlobal
